
Microsoft Visual Studio Solution File, Format Version 12.00
# Visual Studio Version 17
VisualStudioVersion = 17.6.33723.286
MinimumVisualStudioVersion = 10.0.40219.1
Project("{9A19103F-16F7-4668-BE54-9A1E7A4F7556}") = "CityInfo.API", "CityInfo.API\CityInfo.API.csproj", "{664434B1-E521-4BFB-855A-58A3D53CC67E}"
EndProject
Global
	GlobalSection(SolutionConfigurationPlatforms) = preSolution
		Debug|Any CPU = Debug|Any CPU
		Release|Any CPU = Release|Any CPU
	EndGlobalSection
	GlobalSection(ProjectConfigurationPlatforms) = postSolution
		{664434B1-E521-4BFB-855A-58A3D53CC67E}.Debug|Any CPU.ActiveCfg = Debug|Any CPU
		{664434B1-E521-4BFB-855A-58A3D53CC67E}.Debug|Any CPU.Build.0 = Debug|Any CPU
		{664434B1-E521-4BFB-855A-58A3D53CC67E}.Release|Any CPU.ActiveCfg = Release|Any CPU
		{664434B1-E521-4BFB-855A-58A3D53CC67E}.Release|Any CPU.Build.0 = Release|Any CPU
	EndGlobalSection
	GlobalSection(SolutionProperties) = preSolution
		HideSolutionNode = FALSE
	EndGlobalSection
	GlobalSection(ExtensibilityGlobals) = postSolution
		SolutionGuid = {00CC62F2-88B5-4E47-B15F-CD2927860974}
	EndGlobalSection
EndGlobal
